<?xml version="1.0" encoding="utf-8"?>
<Project ToolsVersion="4.0" xmlns="http://schemas.microsoft.com/developer/msbuild/2003">
  <ItemGroup>
    <Filter Include="Source Files">
      <UniqueIdentifier>{4FC737F1-C7A5-4376-A066-2A32D752A2FF}</UniqueIdentifier>
      <Extensions>cpp;c;cc;cxx;def;odl;idl;hpj;bat;asm;asmx</Extensions>
    </Filter>
    <Filter Include="Header Files">
      <UniqueIdentifier>{93995380-89BD-4b04-88EB-625FBE52EBFB}</UniqueIdentifier>
      <Extensions>h;hh;hpp;hxx;hm;inl;inc;ipp;xsd</Extensions>
    </Filter>
    <Filter Include="Header Files\Entities">
      <UniqueIdentifier>{92e3d7d3-b98c-4118-b395-cf2c273efd61}</UniqueIdentifier>
    </Filter>
    <Filter Include="Source Files\Entities">
      <UniqueIdentifier>{1a9362c6-5375-4654-8aab-fb2b50112733}</UniqueIdentifier>
    </Filter>
    <Filter Include="Header Files\Managers">
      <UniqueIdentifier>{854fb5a6-27ee-4237-b3f6-2a83481a70c7}</UniqueIdentifier>
    </Filter>
    <Filter Include="Source Files\Managers">
      <UniqueIdentifier>{4c63f084-91bb-4592-97e7-a5ca9ebd60ac}</UniqueIdentifier>
    </Filter>
    <Filter Include="Resource Files">
      <UniqueIdentifier>{67DA6AB6-F800-4c08-8B7A-83BB121AAD01}</UniqueIdentifier>
      <Extensions>rc;ico;cur;bmp;dlg;rc2;rct;bin;rgs;gif;jpg;jpeg;jpe;resx;tiff;tif;png;wav;mfcribbon-ms</Extensions>
    </Filter>
    <Filter Include="Header Files\Physics">
      <UniqueIdentifier>{e26b4dfb-d112-4cfa-b240-8a841e226e3c}</UniqueIdentifier>
    </Filter>
    <Filter Include="Source Files\Physics">
      <UniqueIdentifier>{310a77e7-9616-4717-9cba-e29f9f6cc821}</UniqueIdentifier>
    </Filter>
    <Filter Include="Header Files\SteeringB">
      <UniqueIdentifier>{f8c45da1-dce8-4da3-8052-9b4ff3826adf}</UniqueIdentifier>
    </Filter>
    <Filter Include="Header Files\SteeringB\Screens">
      <UniqueIdentifier>{d812cf0d-997f-4b73-88ed-56a3d6daf80d}</UniqueIdentifier>
    </Filter>
    <Filter Include="Header Files\SteeringB\Entities">
      <UniqueIdentifier>{3e2f7806-b2d9-4460-9093-79578437b54a}</UniqueIdentifier>
    </Filter>
    <Filter Include="Source Files\SteeringB">
      <UniqueIdentifier>{d352c8d0-bb51-4c16-b4ab-354da4d1ca8f}</UniqueIdentifier>
    </Filter>
    <Filter Include="Source Files\SteeringB\Screens">
      <UniqueIdentifier>{37c302c1-6ecc-41c3-ab80-bd4fae6d5f1b}</UniqueIdentifier>
    </Filter>
    <Filter Include="Source Files\SteeringB\Entities">
      <UniqueIdentifier>{fe97e1ee-b4a9-4cc4-9f8d-e90314fb6974}</UniqueIdentifier>
    </Filter>
  </ItemGroup>
  <ItemGroup>
    <ClInclude Include="Timer.h">
      <Filter>Header Files</Filter>
    </ClInclude>
    <ClInclude Include="MathHelper.h">
      <Filter>Header Files</Filter>
    </ClInclude>
    <ClInclude Include="GameEntity.h">
      <Filter>Header Files\Entities</Filter>
    </ClInclude>
    <ClInclude Include="Texture.h">
      <Filter>Header Files\Entities</Filter>
    </ClInclude>
    <ClInclude Include="AnimatedTexture.h">
      <Filter>Header Files\Entities</Filter>
    </ClInclude>
    <ClInclude Include="AssetManager.h">
      <Filter>Header Files\Managers</Filter>
    </ClInclude>
    <ClInclude Include="AudioManager.h">
      <Filter>Header Files\Managers</Filter>
    </ClInclude>
    <ClInclude Include="GameManager.h">
      <Filter>Header Files\Managers</Filter>
    </ClInclude>
    <ClInclude Include="InputManager.h">
      <Filter>Header Files\Managers</Filter>
    </ClInclude>
    <ClInclude Include="Graphics.h">
      <Filter>Header Files\Managers</Filter>
    </ClInclude>
    <ClInclude Include="Collider.h">
      <Filter>Header Files\Physics</Filter>
    </ClInclude>
    <ClInclude Include="PhysEntity.h">
      <Filter>Header Files\Physics</Filter>
    </ClInclude>
    <ClInclude Include="BoxCollider.h">
      <Filter>Header Files\Physics</Filter>
    </ClInclude>
    <ClInclude Include="ScreenManager.h">
      <Filter>Header Files\SteeringB\Screens</Filter>
    </ClInclude>
    <ClInclude Include="StartScreen.h">
      <Filter>Header Files\SteeringB\Screens</Filter>
    </ClInclude>
    <ClInclude Include="Arrive.h">
      <Filter>Header Files\SteeringB\Screens</Filter>
    </ClInclude>
    <ClInclude Include="Evade.h">
      <Filter>Header Files\SteeringB\Screens</Filter>
    </ClInclude>
    <ClInclude Include="Flee.h">
      <Filter>Header Files\SteeringB\Screens</Filter>
    </ClInclude>
    <ClInclude Include="Hide.h">
      <Filter>Header Files\SteeringB\Screens</Filter>
    </ClInclude>
    <ClInclude Include="Interpose.h">
      <Filter>Header Files\SteeringB\Screens</Filter>
    </ClInclude>
    <ClInclude Include="Obstacle.h">
      <Filter>Header Files\SteeringB\Screens</Filter>
    </ClInclude>
    <ClInclude Include="Offset.h">
      <Filter>Header Files\SteeringB\Screens</Filter>
    </ClInclude>
    <ClInclude Include="Path.h">
      <Filter>Header Files\SteeringB\Screens</Filter>
    </ClInclude>
    <ClInclude Include="Pursuit.h">
      <Filter>Header Files\SteeringB\Screens</Filter>
    </ClInclude>
    <ClInclude Include="Seek.h">
      <Filter>Header Files\SteeringB\Screens</Filter>
    </ClInclude>
    <ClInclude Include="Wall.h">
      <Filter>Header Files\SteeringB\Screens</Filter>
    </ClInclude>
    <ClInclude Include="Wander.h">
      <Filter>Header Files\SteeringB\Screens</Filter>
    </ClInclude>
    <ClInclude Include="Player.h">
      <Filter>Header Files\SteeringB\Entities</Filter>
    </ClInclude>
    <ClInclude Include="INIReader.h">
      <Filter>Header Files\Managers</Filter>
    </ClInclude>
    <ClInclude Include="ini.h">
      <Filter>Header Files\Managers</Filter>
    </ClInclude>
    <ClInclude Include="StackAllocator.h">
      <Filter>Header Files\Managers</Filter>
    </ClInclude>
    <ClInclude Include="Enemy.h">
      <Filter>Header Files\SteeringB\Entities</Filter>
    </ClInclude>
  </ItemGroup>
  <ItemGroup>
    <ClCompile Include="main.cpp">
      <Filter>Source Files</Filter>
    </ClCompile>
    <ClCompile Include="Timer.cpp">
      <Filter>Source Files</Filter>
    </ClCompile>
    <ClCompile Include="GameEntity.cpp">
      <Filter>Source Files\Entities</Filter>
    </ClCompile>
    <ClCompile Include="Texture.cpp">
      <Filter>Source Files\Entities</Filter>
    </ClCompile>
    <ClCompile Include="AnimatedTexture.cpp">
      <Filter>Source Files\Entities</Filter>
    </ClCompile>
    <ClCompile Include="AssetManager.cpp">
      <Filter>Source Files\Managers</Filter>
    </ClCompile>
    <ClCompile Include="AudioManager.cpp">
      <Filter>Source Files\Managers</Filter>
    </ClCompile>
    <ClCompile Include="GameManager.cpp">
      <Filter>Source Files\Managers</Filter>
    </ClCompile>
    <ClCompile Include="InputManager.cpp">
      <Filter>Source Files\Managers</Filter>
    </ClCompile>
    <ClCompile Include="Graphics.cpp">
      <Filter>Source Files\Managers</Filter>
    </ClCompile>
    <ClCompile Include="Collider.cpp">
      <Filter>Source Files\Physics</Filter>
    </ClCompile>
    <ClCompile Include="PhysEntity.cpp">
      <Filter>Source Files\Physics</Filter>
    </ClCompile>
    <ClCompile Include="BoxCollider.cpp">
      <Filter>Source Files\Physics</Filter>
    </ClCompile>
    <ClCompile Include="ScreenManager.cpp">
      <Filter>Source Files\SteeringB\Screens</Filter>
    </ClCompile>
    <ClCompile Include="StartScreen.cpp">
      <Filter>Source Files\SteeringB\Screens</Filter>
    </ClCompile>
    <ClCompile Include="Wander.cpp">
      <Filter>Source Files\SteeringB\Screens</Filter>
    </ClCompile>
    <ClCompile Include="Seek.cpp">
      <Filter>Source Files\SteeringB\Screens</Filter>
    </ClCompile>
    <ClCompile Include="Evade.cpp">
      <Filter>Source Files\SteeringB\Screens</Filter>
    </ClCompile>
    <ClCompile Include="Flee.cpp">
      <Filter>Source Files\SteeringB\Screens</Filter>
    </ClCompile>
    <ClCompile Include="Pursuit.cpp">
      <Filter>Source Files\SteeringB\Screens</Filter>
    </ClCompile>
    <ClCompile Include="Arrive.cpp">
      <Filter>Source Files\SteeringB\Screens</Filter>
    </ClCompile>
    <ClCompile Include="Obstacle.cpp">
      <Filter>Source Files\SteeringB\Screens</Filter>
    </ClCompile>
    <ClCompile Include="Wall.cpp">
      <Filter>Source Files\SteeringB\Screens</Filter>
    </ClCompile>
    <ClCompile Include="Interpose.cpp">
      <Filter>Source Files\SteeringB\Screens</Filter>
    </ClCompile>
    <ClCompile Include="Hide.cpp">
      <Filter>Source Files\SteeringB\Screens</Filter>
    </ClCompile>
    <ClCompile Include="Path.cpp">
      <Filter>Source Files\SteeringB\Screens</Filter>
    </ClCompile>
    <ClCompile Include="Offset.cpp">
      <Filter>Source Files\SteeringB\Screens</Filter>
    </ClCompile>
    <ClCompile Include="Player.cpp">
      <Filter>Source Files\SteeringB\Entities</Filter>
    </ClCompile>
    <ClCompile Include="INIReader.cpp">
      <Filter>Source Files\Managers</Filter>
    </ClCompile>
    <ClCompile Include="ini.cpp">
      <Filter>Source Files\Managers</Filter>
    </ClCompile>
    <ClCompile Include="StackAllocator.cpp">
      <Filter>Source Files\Managers</Filter>
    </ClCompile>
    <ClCompile Include="Enemy.cpp">
      <Filter>Source Files\SteeringB\Entities</Filter>
    </ClCompile>
  </ItemGroup>
</Project>